
Microsoft Visual Studio Solution File, Format Version 12.00
# Visual Studio 14
VisualStudioVersion = 14.0.22823.1
MinimumVisualStudioVersion = 10.0.40219.1
Project("{FAE04EC0-301F-11D3-BF4B-00C04F79EFBC}") = "Eddb.Sdk", "Eddb.Sdk\Eddb.Sdk.csproj", "{B87574E7-6C32-4B8E-A49D-8102357D8938}"
EndProject
Project("{FAE04EC0-301F-11D3-BF4B-00C04F79EFBC}") = "Eddb.Loader", "Eddb.Loader\Eddb.Loader.csproj", "{A7DEA302-FD16-4B53-BC7C-91E9A20ACF4E}"
EndProject
Project("{FAE04EC0-301F-11D3-BF4B-00C04F79EFBC}") = "Eddi.Data.Core", "Eddi.Data.Core\Eddi.Data.Core.csproj", "{ADFA76E8-AD48-4971-8796-C7BF7346F7D5}"
EndProject
Project("{FAE04EC0-301F-11D3-BF4B-00C04F79EFBC}") = "Eddi.Data.MongoDb", "Eddi.Data.MongoDb\Eddi.Data.MongoDb.csproj", "{929E489B-F759-44AA-AA39-E79D89D62D1D}"
EndProject
Project("{FAE04EC0-301F-11D3-BF4B-00C04F79EFBC}") = "Eddi.LoaderService", "Eddi.LoaderService\Eddi.LoaderService.csproj", "{92C29C70-DCCA-41A3-B275-53867C543DAF}"
EndProject
Project("{FAE04EC0-301F-11D3-BF4B-00C04F79EFBC}") = "Eddi.Models", "Eddi.Models\Eddi.Models.csproj", "{84A2D0E0-7DD2-4508-A1CB-8769C22246EC}"
EndProject
Project("{FAE04EC0-301F-11D3-BF4B-00C04F79EFBC}") = "Eddi.DataAccess", "Eddi.DataAccess\Eddi.DataAccess.csproj", "{07D0DDC7-953D-41C7-B7CE-4FC9FBAE9383}"
EndProject
Global
	GlobalSection(SolutionConfigurationPlatforms) = preSolution
		Debug|Any CPU = Debug|Any CPU
		Debug|x64 = Debug|x64
		Release|Any CPU = Release|Any CPU
		Release|x64 = Release|x64
	EndGlobalSection
	GlobalSection(ProjectConfigurationPlatforms) = postSolution
		{B87574E7-6C32-4B8E-A49D-8102357D8938}.Debug|Any CPU.ActiveCfg = Debug|Any CPU
		{B87574E7-6C32-4B8E-A49D-8102357D8938}.Debug|Any CPU.Build.0 = Debug|Any CPU
		{B87574E7-6C32-4B8E-A49D-8102357D8938}.Debug|x64.ActiveCfg = Debug|x64
		{B87574E7-6C32-4B8E-A49D-8102357D8938}.Debug|x64.Build.0 = Debug|x64
		{B87574E7-6C32-4B8E-A49D-8102357D8938}.Release|Any CPU.ActiveCfg = Release|Any CPU
		{B87574E7-6C32-4B8E-A49D-8102357D8938}.Release|Any CPU.Build.0 = Release|Any CPU
		{B87574E7-6C32-4B8E-A49D-8102357D8938}.Release|x64.ActiveCfg = Release|x64
		{B87574E7-6C32-4B8E-A49D-8102357D8938}.Release|x64.Build.0 = Release|x64
		{A7DEA302-FD16-4B53-BC7C-91E9A20ACF4E}.Debug|Any CPU.ActiveCfg = Debug|Any CPU
		{A7DEA302-FD16-4B53-BC7C-91E9A20ACF4E}.Debug|Any CPU.Build.0 = Debug|Any CPU
		{A7DEA302-FD16-4B53-BC7C-91E9A20ACF4E}.Debug|x64.ActiveCfg = Debug|x64
		{A7DEA302-FD16-4B53-BC7C-91E9A20ACF4E}.Debug|x64.Build.0 = Debug|x64
		{A7DEA302-FD16-4B53-BC7C-91E9A20ACF4E}.Release|Any CPU.ActiveCfg = Release|Any CPU
		{A7DEA302-FD16-4B53-BC7C-91E9A20ACF4E}.Release|Any CPU.Build.0 = Release|Any CPU
		{A7DEA302-FD16-4B53-BC7C-91E9A20ACF4E}.Release|x64.ActiveCfg = Release|Any CPU
		{A7DEA302-FD16-4B53-BC7C-91E9A20ACF4E}.Release|x64.Build.0 = Release|Any CPU
		{ADFA76E8-AD48-4971-8796-C7BF7346F7D5}.Debug|Any CPU.ActiveCfg = Debug|Any CPU
		{ADFA76E8-AD48-4971-8796-C7BF7346F7D5}.Debug|Any CPU.Build.0 = Debug|Any CPU
		{ADFA76E8-AD48-4971-8796-C7BF7346F7D5}.Debug|x64.ActiveCfg = Debug|x64
		{ADFA76E8-AD48-4971-8796-C7BF7346F7D5}.Debug|x64.Build.0 = Debug|x64
		{ADFA76E8-AD48-4971-8796-C7BF7346F7D5}.Release|Any CPU.ActiveCfg = Release|Any CPU
		{ADFA76E8-AD48-4971-8796-C7BF7346F7D5}.Release|Any CPU.Build.0 = Release|Any CPU
		{ADFA76E8-AD48-4971-8796-C7BF7346F7D5}.Release|x64.ActiveCfg = Release|x64
		{ADFA76E8-AD48-4971-8796-C7BF7346F7D5}.Release|x64.Build.0 = Release|x64
		{929E489B-F759-44AA-AA39-E79D89D62D1D}.Debug|Any CPU.ActiveCfg = Debug|Any CPU
		{929E489B-F759-44AA-AA39-E79D89D62D1D}.Debug|Any CPU.Build.0 = Debug|Any CPU
		{929E489B-F759-44AA-AA39-E79D89D62D1D}.Debug|x64.ActiveCfg = Debug|x64
		{929E489B-F759-44AA-AA39-E79D89D62D1D}.Debug|x64.Build.0 = Debug|x64
		{929E489B-F759-44AA-AA39-E79D89D62D1D}.Release|Any CPU.ActiveCfg = Release|Any CPU
		{929E489B-F759-44AA-AA39-E79D89D62D1D}.Release|Any CPU.Build.0 = Release|Any CPU
		{929E489B-F759-44AA-AA39-E79D89D62D1D}.Release|x64.ActiveCfg = Release|x64
		{929E489B-F759-44AA-AA39-E79D89D62D1D}.Release|x64.Build.0 = Release|x64
		{92C29C70-DCCA-41A3-B275-53867C543DAF}.Debug|Any CPU.ActiveCfg = Debug|Any CPU
		{92C29C70-DCCA-41A3-B275-53867C543DAF}.Debug|Any CPU.Build.0 = Debug|Any CPU
		{92C29C70-DCCA-41A3-B275-53867C543DAF}.Debug|x64.ActiveCfg = Debug|x64
		{92C29C70-DCCA-41A3-B275-53867C543DAF}.Debug|x64.Build.0 = Debug|x64
		{92C29C70-DCCA-41A3-B275-53867C543DAF}.Release|Any CPU.ActiveCfg = Release|Any CPU
		{92C29C70-DCCA-41A3-B275-53867C543DAF}.Release|Any CPU.Build.0 = Release|Any CPU
		{92C29C70-DCCA-41A3-B275-53867C543DAF}.Release|x64.ActiveCfg = Release|x64
		{92C29C70-DCCA-41A3-B275-53867C543DAF}.Release|x64.Build.0 = Release|x64
		{84A2D0E0-7DD2-4508-A1CB-8769C22246EC}.Debug|Any CPU.ActiveCfg = Debug|Any CPU
		{84A2D0E0-7DD2-4508-A1CB-8769C22246EC}.Debug|Any CPU.Build.0 = Debug|Any CPU
		{84A2D0E0-7DD2-4508-A1CB-8769C22246EC}.Debug|x64.ActiveCfg = Debug|Any CPU
		{84A2D0E0-7DD2-4508-A1CB-8769C22246EC}.Debug|x64.Build.0 = Debug|Any CPU
		{84A2D0E0-7DD2-4508-A1CB-8769C22246EC}.Release|Any CPU.ActiveCfg = Release|Any CPU
		{84A2D0E0-7DD2-4508-A1CB-8769C22246EC}.Release|Any CPU.Build.0 = Release|Any CPU
		{84A2D0E0-7DD2-4508-A1CB-8769C22246EC}.Release|x64.ActiveCfg = Release|Any CPU
		{84A2D0E0-7DD2-4508-A1CB-8769C22246EC}.Release|x64.Build.0 = Release|Any CPU
		{07D0DDC7-953D-41C7-B7CE-4FC9FBAE9383}.Debug|Any CPU.ActiveCfg = Debug|Any CPU
		{07D0DDC7-953D-41C7-B7CE-4FC9FBAE9383}.Debug|Any CPU.Build.0 = Debug|Any CPU
		{07D0DDC7-953D-41C7-B7CE-4FC9FBAE9383}.Debug|x64.ActiveCfg = Debug|x64
		{07D0DDC7-953D-41C7-B7CE-4FC9FBAE9383}.Debug|x64.Build.0 = Debug|x64
		{07D0DDC7-953D-41C7-B7CE-4FC9FBAE9383}.Release|Any CPU.ActiveCfg = Release|Any CPU
		{07D0DDC7-953D-41C7-B7CE-4FC9FBAE9383}.Release|Any CPU.Build.0 = Release|Any CPU
		{07D0DDC7-953D-41C7-B7CE-4FC9FBAE9383}.Release|x64.ActiveCfg = Release|Any CPU
		{07D0DDC7-953D-41C7-B7CE-4FC9FBAE9383}.Release|x64.Build.0 = Release|Any CPU
	EndGlobalSection
	GlobalSection(SolutionProperties) = preSolution
		HideSolutionNode = FALSE
	EndGlobalSection
EndGlobal
